
Microsoft Visual Studio Solution File, Format Version 12.00
# Visual Studio 15
VisualStudioVersion = 15.0.26510.0
MinimumVisualStudioVersion = 10.0.40219.1
Project("{FAE04EC0-301F-11D3-BF4B-00C04F79EFBC}") = "PomodoroTodo.Api", "PomodoroTodo.Api\PomodoroTodo.Api.csproj", "{8FC290DD-85C9-4084-A0CD-2455728D8CCC}"
EndProject
Project("{FAE04EC0-301F-11D3-BF4B-00C04F79EFBC}") = "PomodoroTodo.Android", "PomodoroTodo\PomodoroTodo.Android\PomodoroTodo.Android.csproj", "{1799778E-29CF-43E2-8734-F5C2F00CE6A8}"
EndProject
Project("{FAE04EC0-301F-11D3-BF4B-00C04F79EFBC}") = "PomodoroTodo", "PomodoroTodo\PomodoroTodo\PomodoroTodo.csproj", "{A9AE377D-DD45-41C2-BD4C-DE43CBFBD235}"
EndProject
Project("{FAE04EC0-301F-11D3-BF4B-00C04F79EFBC}") = "PomodoroTodo.iOS", "PomodoroTodo\PomodoroTodo.iOS\PomodoroTodo.iOS.csproj", "{618B0CCD-BC6D-475E-9548-4B7D2940AA70}"
EndProject
Project("{2150E333-8FDC-42A3-9474-1A3956D46DE8}") = "Backend", "Backend", "{C79B54F5-4587-4061-99FE-B04C40B900D7}"
EndProject
Global
	GlobalSection(SolutionConfigurationPlatforms) = preSolution
		Ad-Hoc|Any CPU = Ad-Hoc|Any CPU
		Ad-Hoc|ARM = Ad-Hoc|ARM
		Ad-Hoc|iPhone = Ad-Hoc|iPhone
		Ad-Hoc|iPhoneSimulator = Ad-Hoc|iPhoneSimulator
		Ad-Hoc|x64 = Ad-Hoc|x64
		Ad-Hoc|x86 = Ad-Hoc|x86
		AppStore|Any CPU = AppStore|Any CPU
		AppStore|ARM = AppStore|ARM
		AppStore|iPhone = AppStore|iPhone
		AppStore|iPhoneSimulator = AppStore|iPhoneSimulator
		AppStore|x64 = AppStore|x64
		AppStore|x86 = AppStore|x86
		Debug|Any CPU = Debug|Any CPU
		Debug|ARM = Debug|ARM
		Debug|iPhone = Debug|iPhone
		Debug|iPhoneSimulator = Debug|iPhoneSimulator
		Debug|x64 = Debug|x64
		Debug|x86 = Debug|x86
		Release|Any CPU = Release|Any CPU
		Release|ARM = Release|ARM
		Release|iPhone = Release|iPhone
		Release|iPhoneSimulator = Release|iPhoneSimulator
		Release|x64 = Release|x64
		Release|x86 = Release|x86
	EndGlobalSection
	GlobalSection(ProjectConfigurationPlatforms) = postSolution
		{8FC290DD-85C9-4084-A0CD-2455728D8CCC}.Ad-Hoc|Any CPU.ActiveCfg = Release|Any CPU
		{8FC290DD-85C9-4084-A0CD-2455728D8CCC}.Ad-Hoc|Any CPU.Build.0 = Release|Any CPU
		{8FC290DD-85C9-4084-A0CD-2455728D8CCC}.Ad-Hoc|ARM.ActiveCfg = Release|Any CPU
		{8FC290DD-85C9-4084-A0CD-2455728D8CCC}.Ad-Hoc|ARM.Build.0 = Release|Any CPU
		{8FC290DD-85C9-4084-A0CD-2455728D8CCC}.Ad-Hoc|iPhone.ActiveCfg = Release|Any CPU
		{8FC290DD-85C9-4084-A0CD-2455728D8CCC}.Ad-Hoc|iPhone.Build.0 = Release|Any CPU
		{8FC290DD-85C9-4084-A0CD-2455728D8CCC}.Ad-Hoc|iPhoneSimulator.ActiveCfg = Release|Any CPU
		{8FC290DD-85C9-4084-A0CD-2455728D8CCC}.Ad-Hoc|iPhoneSimulator.Build.0 = Release|Any CPU
		{8FC290DD-85C9-4084-A0CD-2455728D8CCC}.Ad-Hoc|x64.ActiveCfg = Release|Any CPU
		{8FC290DD-85C9-4084-A0CD-2455728D8CCC}.Ad-Hoc|x64.Build.0 = Release|Any CPU
		{8FC290DD-85C9-4084-A0CD-2455728D8CCC}.Ad-Hoc|x86.ActiveCfg = Release|Any CPU
		{8FC290DD-85C9-4084-A0CD-2455728D8CCC}.Ad-Hoc|x86.Build.0 = Release|Any CPU
		{8FC290DD-85C9-4084-A0CD-2455728D8CCC}.AppStore|Any CPU.ActiveCfg = Release|Any CPU
		{8FC290DD-85C9-4084-A0CD-2455728D8CCC}.AppStore|Any CPU.Build.0 = Release|Any CPU
		{8FC290DD-85C9-4084-A0CD-2455728D8CCC}.AppStore|ARM.ActiveCfg = Release|Any CPU
		{8FC290DD-85C9-4084-A0CD-2455728D8CCC}.AppStore|ARM.Build.0 = Release|Any CPU
		{8FC290DD-85C9-4084-A0CD-2455728D8CCC}.AppStore|iPhone.ActiveCfg = Release|Any CPU
		{8FC290DD-85C9-4084-A0CD-2455728D8CCC}.AppStore|iPhone.Build.0 = Release|Any CPU
		{8FC290DD-85C9-4084-A0CD-2455728D8CCC}.AppStore|iPhoneSimulator.ActiveCfg = Release|Any CPU
		{8FC290DD-85C9-4084-A0CD-2455728D8CCC}.AppStore|iPhoneSimulator.Build.0 = Release|Any CPU
		{8FC290DD-85C9-4084-A0CD-2455728D8CCC}.AppStore|x64.ActiveCfg = Release|Any CPU
		{8FC290DD-85C9-4084-A0CD-2455728D8CCC}.AppStore|x64.Build.0 = Release|Any CPU
		{8FC290DD-85C9-4084-A0CD-2455728D8CCC}.AppStore|x86.ActiveCfg = Release|Any CPU
		{8FC290DD-85C9-4084-A0CD-2455728D8CCC}.AppStore|x86.Build.0 = Release|Any CPU
		{8FC290DD-85C9-4084-A0CD-2455728D8CCC}.Debug|Any CPU.ActiveCfg = Debug|Any CPU
		{8FC290DD-85C9-4084-A0CD-2455728D8CCC}.Debug|Any CPU.Build.0 = Debug|Any CPU
		{8FC290DD-85C9-4084-A0CD-2455728D8CCC}.Debug|ARM.ActiveCfg = Debug|Any CPU
		{8FC290DD-85C9-4084-A0CD-2455728D8CCC}.Debug|ARM.Build.0 = Debug|Any CPU
		{8FC290DD-85C9-4084-A0CD-2455728D8CCC}.Debug|iPhone.ActiveCfg = Debug|Any CPU
		{8FC290DD-85C9-4084-A0CD-2455728D8CCC}.Debug|iPhone.Build.0 = Debug|Any CPU
		{8FC290DD-85C9-4084-A0CD-2455728D8CCC}.Debug|iPhoneSimulator.ActiveCfg = Debug|Any CPU
		{8FC290DD-85C9-4084-A0CD-2455728D8CCC}.Debug|iPhoneSimulator.Build.0 = Debug|Any CPU
		{8FC290DD-85C9-4084-A0CD-2455728D8CCC}.Debug|x64.ActiveCfg = Debug|Any CPU
		{8FC290DD-85C9-4084-A0CD-2455728D8CCC}.Debug|x64.Build.0 = Debug|Any CPU
		{8FC290DD-85C9-4084-A0CD-2455728D8CCC}.Debug|x86.ActiveCfg = Debug|Any CPU
		{8FC290DD-85C9-4084-A0CD-2455728D8CCC}.Debug|x86.Build.0 = Debug|Any CPU
		{8FC290DD-85C9-4084-A0CD-2455728D8CCC}.Release|Any CPU.ActiveCfg = Release|Any CPU
		{8FC290DD-85C9-4084-A0CD-2455728D8CCC}.Release|Any CPU.Build.0 = Release|Any CPU
		{8FC290DD-85C9-4084-A0CD-2455728D8CCC}.Release|ARM.ActiveCfg = Release|Any CPU
		{8FC290DD-85C9-4084-A0CD-2455728D8CCC}.Release|ARM.Build.0 = Release|Any CPU
		{8FC290DD-85C9-4084-A0CD-2455728D8CCC}.Release|iPhone.ActiveCfg = Release|Any CPU
		{8FC290DD-85C9-4084-A0CD-2455728D8CCC}.Release|iPhone.Build.0 = Release|Any CPU
		{8FC290DD-85C9-4084-A0CD-2455728D8CCC}.Release|iPhoneSimulator.ActiveCfg = Release|Any CPU
		{8FC290DD-85C9-4084-A0CD-2455728D8CCC}.Release|iPhoneSimulator.Build.0 = Release|Any CPU
		{8FC290DD-85C9-4084-A0CD-2455728D8CCC}.Release|x64.ActiveCfg = Release|Any CPU
		{8FC290DD-85C9-4084-A0CD-2455728D8CCC}.Release|x64.Build.0 = Release|Any CPU
		{8FC290DD-85C9-4084-A0CD-2455728D8CCC}.Release|x86.ActiveCfg = Release|Any CPU
		{8FC290DD-85C9-4084-A0CD-2455728D8CCC}.Release|x86.Build.0 = Release|Any CPU
		{1799778E-29CF-43E2-8734-F5C2F00CE6A8}.Ad-Hoc|Any CPU.ActiveCfg = Release|Any CPU
		{1799778E-29CF-43E2-8734-F5C2F00CE6A8}.Ad-Hoc|Any CPU.Build.0 = Release|Any CPU
		{1799778E-29CF-43E2-8734-F5C2F00CE6A8}.Ad-Hoc|Any CPU.Deploy.0 = Release|Any CPU
		{1799778E-29CF-43E2-8734-F5C2F00CE6A8}.Ad-Hoc|ARM.ActiveCfg = Release|Any CPU
		{1799778E-29CF-43E2-8734-F5C2F00CE6A8}.Ad-Hoc|ARM.Build.0 = Release|Any CPU
		{1799778E-29CF-43E2-8734-F5C2F00CE6A8}.Ad-Hoc|ARM.Deploy.0 = Release|Any CPU
		{1799778E-29CF-43E2-8734-F5C2F00CE6A8}.Ad-Hoc|iPhone.ActiveCfg = Release|Any CPU
		{1799778E-29CF-43E2-8734-F5C2F00CE6A8}.Ad-Hoc|iPhone.Build.0 = Release|Any CPU
		{1799778E-29CF-43E2-8734-F5C2F00CE6A8}.Ad-Hoc|iPhone.Deploy.0 = Release|Any CPU
		{1799778E-29CF-43E2-8734-F5C2F00CE6A8}.Ad-Hoc|iPhoneSimulator.ActiveCfg = Release|Any CPU
		{1799778E-29CF-43E2-8734-F5C2F00CE6A8}.Ad-Hoc|iPhoneSimulator.Build.0 = Release|Any CPU
		{1799778E-29CF-43E2-8734-F5C2F00CE6A8}.Ad-Hoc|iPhoneSimulator.Deploy.0 = Release|Any CPU
		{1799778E-29CF-43E2-8734-F5C2F00CE6A8}.Ad-Hoc|x64.ActiveCfg = Release|Any CPU
		{1799778E-29CF-43E2-8734-F5C2F00CE6A8}.Ad-Hoc|x64.Build.0 = Release|Any CPU
		{1799778E-29CF-43E2-8734-F5C2F00CE6A8}.Ad-Hoc|x64.Deploy.0 = Release|Any CPU
		{1799778E-29CF-43E2-8734-F5C2F00CE6A8}.Ad-Hoc|x86.ActiveCfg = Release|Any CPU
		{1799778E-29CF-43E2-8734-F5C2F00CE6A8}.Ad-Hoc|x86.Build.0 = Release|Any CPU
		{1799778E-29CF-43E2-8734-F5C2F00CE6A8}.Ad-Hoc|x86.Deploy.0 = Release|Any CPU
		{1799778E-29CF-43E2-8734-F5C2F00CE6A8}.AppStore|Any CPU.ActiveCfg = Release|Any CPU
		{1799778E-29CF-43E2-8734-F5C2F00CE6A8}.AppStore|Any CPU.Build.0 = Release|Any CPU
		{1799778E-29CF-43E2-8734-F5C2F00CE6A8}.AppStore|Any CPU.Deploy.0 = Release|Any CPU
		{1799778E-29CF-43E2-8734-F5C2F00CE6A8}.AppStore|ARM.ActiveCfg = Release|Any CPU
		{1799778E-29CF-43E2-8734-F5C2F00CE6A8}.AppStore|ARM.Build.0 = Release|Any CPU
		{1799778E-29CF-43E2-8734-F5C2F00CE6A8}.AppStore|ARM.Deploy.0 = Release|Any CPU
		{1799778E-29CF-43E2-8734-F5C2F00CE6A8}.AppStore|iPhone.ActiveCfg = Release|Any CPU
		{1799778E-29CF-43E2-8734-F5C2F00CE6A8}.AppStore|iPhone.Build.0 = Release|Any CPU
		{1799778E-29CF-43E2-8734-F5C2F00CE6A8}.AppStore|iPhone.Deploy.0 = Release|Any CPU
		{1799778E-29CF-43E2-8734-F5C2F00CE6A8}.AppStore|iPhoneSimulator.ActiveCfg = Release|Any CPU
		{1799778E-29CF-43E2-8734-F5C2F00CE6A8}.AppStore|iPhoneSimulator.Build.0 = Release|Any CPU
		{1799778E-29CF-43E2-8734-F5C2F00CE6A8}.AppStore|iPhoneSimulator.Deploy.0 = Release|Any CPU
		{1799778E-29CF-43E2-8734-F5C2F00CE6A8}.AppStore|x64.ActiveCfg = Release|Any CPU
		{1799778E-29CF-43E2-8734-F5C2F00CE6A8}.AppStore|x64.Build.0 = Release|Any CPU
		{1799778E-29CF-43E2-8734-F5C2F00CE6A8}.AppStore|x64.Deploy.0 = Release|Any CPU
		{1799778E-29CF-43E2-8734-F5C2F00CE6A8}.AppStore|x86.ActiveCfg = Release|Any CPU
		{1799778E-29CF-43E2-8734-F5C2F00CE6A8}.AppStore|x86.Build.0 = Release|Any CPU
		{1799778E-29CF-43E2-8734-F5C2F00CE6A8}.AppStore|x86.Deploy.0 = Release|Any CPU
		{1799778E-29CF-43E2-8734-F5C2F00CE6A8}.Debug|Any CPU.ActiveCfg = Debug|Any CPU
		{1799778E-29CF-43E2-8734-F5C2F00CE6A8}.Debug|Any CPU.Build.0 = Debug|Any CPU
		{1799778E-29CF-43E2-8734-F5C2F00CE6A8}.Debug|Any CPU.Deploy.0 = Debug|Any CPU
		{1799778E-29CF-43E2-8734-F5C2F00CE6A8}.Debug|ARM.ActiveCfg = Debug|Any CPU
		{1799778E-29CF-43E2-8734-F5C2F00CE6A8}.Debug|ARM.Build.0 = Debug|Any CPU
		{1799778E-29CF-43E2-8734-F5C2F00CE6A8}.Debug|ARM.Deploy.0 = Debug|Any CPU
		{1799778E-29CF-43E2-8734-F5C2F00CE6A8}.Debug|iPhone.ActiveCfg = Debug|Any CPU
		{1799778E-29CF-43E2-8734-F5C2F00CE6A8}.Debug|iPhone.Build.0 = Debug|Any CPU
		{1799778E-29CF-43E2-8734-F5C2F00CE6A8}.Debug|iPhone.Deploy.0 = Debug|Any CPU
		{1799778E-29CF-43E2-8734-F5C2F00CE6A8}.Debug|iPhoneSimulator.ActiveCfg = Debug|Any CPU
		{1799778E-29CF-43E2-8734-F5C2F00CE6A8}.Debug|iPhoneSimulator.Build.0 = Debug|Any CPU
		{1799778E-29CF-43E2-8734-F5C2F00CE6A8}.Debug|iPhoneSimulator.Deploy.0 = Debug|Any CPU
		{1799778E-29CF-43E2-8734-F5C2F00CE6A8}.Debug|x64.ActiveCfg = Debug|Any CPU
		{1799778E-29CF-43E2-8734-F5C2F00CE6A8}.Debug|x64.Build.0 = Debug|Any CPU
		{1799778E-29CF-43E2-8734-F5C2F00CE6A8}.Debug|x64.Deploy.0 = Debug|Any CPU
		{1799778E-29CF-43E2-8734-F5C2F00CE6A8}.Debug|x86.ActiveCfg = Debug|Any CPU
		{1799778E-29CF-43E2-8734-F5C2F00CE6A8}.Debug|x86.Build.0 = Debug|Any CPU
		{1799778E-29CF-43E2-8734-F5C2F00CE6A8}.Debug|x86.Deploy.0 = Debug|Any CPU
		{1799778E-29CF-43E2-8734-F5C2F00CE6A8}.Release|Any CPU.ActiveCfg = Release|Any CPU
		{1799778E-29CF-43E2-8734-F5C2F00CE6A8}.Release|Any CPU.Build.0 = Release|Any CPU
		{1799778E-29CF-43E2-8734-F5C2F00CE6A8}.Release|Any CPU.Deploy.0 = Release|Any CPU
		{1799778E-29CF-43E2-8734-F5C2F00CE6A8}.Release|ARM.ActiveCfg = Release|Any CPU
		{1799778E-29CF-43E2-8734-F5C2F00CE6A8}.Release|ARM.Build.0 = Release|Any CPU
		{1799778E-29CF-43E2-8734-F5C2F00CE6A8}.Release|ARM.Deploy.0 = Release|Any CPU
		{1799778E-29CF-43E2-8734-F5C2F00CE6A8}.Release|iPhone.ActiveCfg = Release|Any CPU
		{1799778E-29CF-43E2-8734-F5C2F00CE6A8}.Release|iPhone.Build.0 = Release|Any CPU
		{1799778E-29CF-43E2-8734-F5C2F00CE6A8}.Release|iPhone.Deploy.0 = Release|Any CPU
		{1799778E-29CF-43E2-8734-F5C2F00CE6A8}.Release|iPhoneSimulator.ActiveCfg = Release|Any CPU
		{1799778E-29CF-43E2-8734-F5C2F00CE6A8}.Release|iPhoneSimulator.Build.0 = Release|Any CPU
		{1799778E-29CF-43E2-8734-F5C2F00CE6A8}.Release|iPhoneSimulator.Deploy.0 = Release|Any CPU
		{1799778E-29CF-43E2-8734-F5C2F00CE6A8}.Release|x64.ActiveCfg = Release|Any CPU
		{1799778E-29CF-43E2-8734-F5C2F00CE6A8}.Release|x64.Build.0 = Release|Any CPU
		{1799778E-29CF-43E2-8734-F5C2F00CE6A8}.Release|x64.Deploy.0 = Release|Any CPU
		{1799778E-29CF-43E2-8734-F5C2F00CE6A8}.Release|x86.ActiveCfg = Release|Any CPU
		{1799778E-29CF-43E2-8734-F5C2F00CE6A8}.Release|x86.Build.0 = Release|Any CPU
		{1799778E-29CF-43E2-8734-F5C2F00CE6A8}.Release|x86.Deploy.0 = Release|Any CPU
		{A9AE377D-DD45-41C2-BD4C-DE43CBFBD235}.Ad-Hoc|Any CPU.ActiveCfg = Release|Any CPU
		{A9AE377D-DD45-41C2-BD4C-DE43CBFBD235}.Ad-Hoc|Any CPU.Build.0 = Release|Any CPU
		{A9AE377D-DD45-41C2-BD4C-DE43CBFBD235}.Ad-Hoc|ARM.ActiveCfg = Release|Any CPU
		{A9AE377D-DD45-41C2-BD4C-DE43CBFBD235}.Ad-Hoc|ARM.Build.0 = Release|Any CPU
		{A9AE377D-DD45-41C2-BD4C-DE43CBFBD235}.Ad-Hoc|iPhone.ActiveCfg = Release|Any CPU
		{A9AE377D-DD45-41C2-BD4C-DE43CBFBD235}.Ad-Hoc|iPhone.Build.0 = Release|Any CPU
		{A9AE377D-DD45-41C2-BD4C-DE43CBFBD235}.Ad-Hoc|iPhoneSimulator.ActiveCfg = Release|Any CPU
		{A9AE377D-DD45-41C2-BD4C-DE43CBFBD235}.Ad-Hoc|iPhoneSimulator.Build.0 = Release|Any CPU
		{A9AE377D-DD45-41C2-BD4C-DE43CBFBD235}.Ad-Hoc|x64.ActiveCfg = Release|Any CPU
		{A9AE377D-DD45-41C2-BD4C-DE43CBFBD235}.Ad-Hoc|x64.Build.0 = Release|Any CPU
		{A9AE377D-DD45-41C2-BD4C-DE43CBFBD235}.Ad-Hoc|x86.ActiveCfg = Release|Any CPU
		{A9AE377D-DD45-41C2-BD4C-DE43CBFBD235}.Ad-Hoc|x86.Build.0 = Release|Any CPU
		{A9AE377D-DD45-41C2-BD4C-DE43CBFBD235}.AppStore|Any CPU.ActiveCfg = Release|Any CPU
		{A9AE377D-DD45-41C2-BD4C-DE43CBFBD235}.AppStore|Any CPU.Build.0 = Release|Any CPU
		{A9AE377D-DD45-41C2-BD4C-DE43CBFBD235}.AppStore|ARM.ActiveCfg = Release|Any CPU
		{A9AE377D-DD45-41C2-BD4C-DE43CBFBD235}.AppStore|ARM.Build.0 = Release|Any CPU
		{A9AE377D-DD45-41C2-BD4C-DE43CBFBD235}.AppStore|iPhone.ActiveCfg = Release|Any CPU
		{A9AE377D-DD45-41C2-BD4C-DE43CBFBD235}.AppStore|iPhone.Build.0 = Release|Any CPU
		{A9AE377D-DD45-41C2-BD4C-DE43CBFBD235}.AppStore|iPhoneSimulator.ActiveCfg = Release|Any CPU
		{A9AE377D-DD45-41C2-BD4C-DE43CBFBD235}.AppStore|iPhoneSimulator.Build.0 = Release|Any CPU
		{A9AE377D-DD45-41C2-BD4C-DE43CBFBD235}.AppStore|x64.ActiveCfg = Release|Any CPU
		{A9AE377D-DD45-41C2-BD4C-DE43CBFBD235}.AppStore|x64.Build.0 = Release|Any CPU
		{A9AE377D-DD45-41C2-BD4C-DE43CBFBD235}.AppStore|x86.ActiveCfg = Release|Any CPU
		{A9AE377D-DD45-41C2-BD4C-DE43CBFBD235}.AppStore|x86.Build.0 = Release|Any CPU
		{A9AE377D-DD45-41C2-BD4C-DE43CBFBD235}.Debug|Any CPU.ActiveCfg = Debug|Any CPU
		{A9AE377D-DD45-41C2-BD4C-DE43CBFBD235}.Debug|Any CPU.Build.0 = Debug|Any CPU
		{A9AE377D-DD45-41C2-BD4C-DE43CBFBD235}.Debug|ARM.ActiveCfg = Debug|Any CPU
		{A9AE377D-DD45-41C2-BD4C-DE43CBFBD235}.Debug|ARM.Build.0 = Debug|Any CPU
		{A9AE377D-DD45-41C2-BD4C-DE43CBFBD235}.Debug|iPhone.ActiveCfg = Debug|Any CPU
		{A9AE377D-DD45-41C2-BD4C-DE43CBFBD235}.Debug|iPhone.Build.0 = Debug|Any CPU
		{A9AE377D-DD45-41C2-BD4C-DE43CBFBD235}.Debug|iPhoneSimulator.ActiveCfg = Debug|Any CPU
		{A9AE377D-DD45-41C2-BD4C-DE43CBFBD235}.Debug|iPhoneSimulator.Build.0 = Debug|Any CPU
		{A9AE377D-DD45-41C2-BD4C-DE43CBFBD235}.Debug|x64.ActiveCfg = Debug|Any CPU
		{A9AE377D-DD45-41C2-BD4C-DE43CBFBD235}.Debug|x64.Build.0 = Debug|Any CPU
		{A9AE377D-DD45-41C2-BD4C-DE43CBFBD235}.Debug|x86.ActiveCfg = Debug|Any CPU
		{A9AE377D-DD45-41C2-BD4C-DE43CBFBD235}.Debug|x86.Build.0 = Debug|Any CPU
		{A9AE377D-DD45-41C2-BD4C-DE43CBFBD235}.Release|Any CPU.ActiveCfg = Release|Any CPU
		{A9AE377D-DD45-41C2-BD4C-DE43CBFBD235}.Release|Any CPU.Build.0 = Release|Any CPU
		{A9AE377D-DD45-41C2-BD4C-DE43CBFBD235}.Release|ARM.ActiveCfg = Release|Any CPU
		{A9AE377D-DD45-41C2-BD4C-DE43CBFBD235}.Release|ARM.Build.0 = Release|Any CPU
		{A9AE377D-DD45-41C2-BD4C-DE43CBFBD235}.Release|iPhone.ActiveCfg = Release|Any CPU
		{A9AE377D-DD45-41C2-BD4C-DE43CBFBD235}.Release|iPhone.Build.0 = Release|Any CPU
		{A9AE377D-DD45-41C2-BD4C-DE43CBFBD235}.Release|iPhoneSimulator.ActiveCfg = Release|Any CPU
		{A9AE377D-DD45-41C2-BD4C-DE43CBFBD235}.Release|iPhoneSimulator.Build.0 = Release|Any CPU
		{A9AE377D-DD45-41C2-BD4C-DE43CBFBD235}.Release|x64.ActiveCfg = Release|Any CPU
		{A9AE377D-DD45-41C2-BD4C-DE43CBFBD235}.Release|x64.Build.0 = Release|Any CPU
		{A9AE377D-DD45-41C2-BD4C-DE43CBFBD235}.Release|x86.ActiveCfg = Release|Any CPU
		{A9AE377D-DD45-41C2-BD4C-DE43CBFBD235}.Release|x86.Build.0 = Release|Any CPU
		{618B0CCD-BC6D-475E-9548-4B7D2940AA70}.Ad-Hoc|Any CPU.ActiveCfg = Ad-Hoc|iPhone
		{618B0CCD-BC6D-475E-9548-4B7D2940AA70}.Ad-Hoc|ARM.ActiveCfg = Ad-Hoc|iPhone
		{618B0CCD-BC6D-475E-9548-4B7D2940AA70}.Ad-Hoc|iPhone.ActiveCfg = Ad-Hoc|iPhone
		{618B0CCD-BC6D-475E-9548-4B7D2940AA70}.Ad-Hoc|iPhone.Build.0 = Ad-Hoc|iPhone
		{618B0CCD-BC6D-475E-9548-4B7D2940AA70}.Ad-Hoc|iPhoneSimulator.ActiveCfg = Ad-Hoc|iPhoneSimulator
		{618B0CCD-BC6D-475E-9548-4B7D2940AA70}.Ad-Hoc|iPhoneSimulator.Build.0 = Ad-Hoc|iPhoneSimulator
		{618B0CCD-BC6D-475E-9548-4B7D2940AA70}.Ad-Hoc|x64.ActiveCfg = Ad-Hoc|iPhone
		{618B0CCD-BC6D-475E-9548-4B7D2940AA70}.Ad-Hoc|x86.ActiveCfg = Ad-Hoc|iPhone
		{618B0CCD-BC6D-475E-9548-4B7D2940AA70}.AppStore|Any CPU.ActiveCfg = AppStore|iPhone
		{618B0CCD-BC6D-475E-9548-4B7D2940AA70}.AppStore|ARM.ActiveCfg = AppStore|iPhone
		{618B0CCD-BC6D-475E-9548-4B7D2940AA70}.AppStore|iPhone.ActiveCfg = AppStore|iPhone
		{618B0CCD-BC6D-475E-9548-4B7D2940AA70}.AppStore|iPhone.Build.0 = AppStore|iPhone
		{618B0CCD-BC6D-475E-9548-4B7D2940AA70}.AppStore|iPhoneSimulator.ActiveCfg = AppStore|iPhoneSimulator
		{618B0CCD-BC6D-475E-9548-4B7D2940AA70}.AppStore|iPhoneSimulator.Build.0 = AppStore|iPhoneSimulator
		{618B0CCD-BC6D-475E-9548-4B7D2940AA70}.AppStore|x64.ActiveCfg = AppStore|iPhone
		{618B0CCD-BC6D-475E-9548-4B7D2940AA70}.AppStore|x86.ActiveCfg = AppStore|iPhone
		{618B0CCD-BC6D-475E-9548-4B7D2940AA70}.Debug|Any CPU.ActiveCfg = Debug|iPhone
		{618B0CCD-BC6D-475E-9548-4B7D2940AA70}.Debug|ARM.ActiveCfg = Debug|iPhone
		{618B0CCD-BC6D-475E-9548-4B7D2940AA70}.Debug|iPhone.ActiveCfg = Debug|iPhone
		{618B0CCD-BC6D-475E-9548-4B7D2940AA70}.Debug|iPhone.Build.0 = Debug|iPhone
		{618B0CCD-BC6D-475E-9548-4B7D2940AA70}.Debug|iPhoneSimulator.ActiveCfg = Debug|iPhoneSimulator
		{618B0CCD-BC6D-475E-9548-4B7D2940AA70}.Debug|iPhoneSimulator.Build.0 = Debug|iPhoneSimulator
		{618B0CCD-BC6D-475E-9548-4B7D2940AA70}.Debug|x64.ActiveCfg = Debug|iPhone
		{618B0CCD-BC6D-475E-9548-4B7D2940AA70}.Debug|x86.ActiveCfg = Debug|iPhone
		{618B0CCD-BC6D-475E-9548-4B7D2940AA70}.Release|Any CPU.ActiveCfg = Release|iPhone
		{618B0CCD-BC6D-475E-9548-4B7D2940AA70}.Release|ARM.ActiveCfg = Release|iPhone
		{618B0CCD-BC6D-475E-9548-4B7D2940AA70}.Release|iPhone.ActiveCfg = Release|iPhone
		{618B0CCD-BC6D-475E-9548-4B7D2940AA70}.Release|iPhone.Build.0 = Release|iPhone
		{618B0CCD-BC6D-475E-9548-4B7D2940AA70}.Release|iPhoneSimulator.ActiveCfg = Release|iPhoneSimulator
		{618B0CCD-BC6D-475E-9548-4B7D2940AA70}.Release|iPhoneSimulator.Build.0 = Release|iPhoneSimulator
		{618B0CCD-BC6D-475E-9548-4B7D2940AA70}.Release|x64.ActiveCfg = Release|iPhone
		{618B0CCD-BC6D-475E-9548-4B7D2940AA70}.Release|x86.ActiveCfg = Release|iPhone
	EndGlobalSection
	GlobalSection(SolutionProperties) = preSolution
		HideSolutionNode = FALSE
	EndGlobalSection
	GlobalSection(NestedProjects) = preSolution
		{8FC290DD-85C9-4084-A0CD-2455728D8CCC} = {C79B54F5-4587-4061-99FE-B04C40B900D7}
	EndGlobalSection
EndGlobal
